
Microsoft Visual Studio Solution File, Format Version 12.00
# Visual Studio 15
VisualStudioVersion = 15.0.28307.489
MinimumVisualStudioVersion = 10.0.40219.1
Project("{FAE04EC0-301F-11D3-BF4B-00C04F79EFBC}") = "Фигуры", "Фигуры\Фигуры.csproj", "{117282E2-17DE-485D-8E92-22C5DEA4CDDE}"
EndProject
Global
	GlobalSection(SolutionConfigurationPlatforms) = preSolution
		Debug|Any CPU = Debug|Any CPU
		Release|Any CPU = Release|Any CPU
	EndGlobalSection
	GlobalSection(ProjectConfigurationPlatforms) = postSolution
		{117282E2-17DE-485D-8E92-22C5DEA4CDDE}.Debug|Any CPU.ActiveCfg = Debug|Any CPU
		{117282E2-17DE-485D-8E92-22C5DEA4CDDE}.Debug|Any CPU.Build.0 = Debug|Any CPU
		{117282E2-17DE-485D-8E92-22C5DEA4CDDE}.Release|Any CPU.ActiveCfg = Release|Any CPU
		{117282E2-17DE-485D-8E92-22C5DEA4CDDE}.Release|Any CPU.Build.0 = Release|Any CPU
	EndGlobalSection
	GlobalSection(SolutionProperties) = preSolution
		HideSolutionNode = FALSE
	EndGlobalSection
	GlobalSection(ExtensibilityGlobals) = postSolution
		SolutionGuid = {E5AA29B2-35FB-4FC3-A244-506E4D71FF8E}
	EndGlobalSection
EndGlobal
